
Microsoft Visual Studio Solution File, Format Version 12.00
# Visual Studio 14
VisualStudioVersion = 14.0.25420.1
MinimumVisualStudioVersion = 10.0.40219.1
Project("{E24C65DC-7377-472B-9ABA-BC803B73C61A}") = "WelcomeRESTJSONClient", "WelcomeRESTJSONClient\", "{4FB0EBBA-A5A8-458B-9BEC-30BF33D73ACD}"
	ProjectSection(WebsiteProperties) = preProject
		TargetFrameworkMoniker = ".NETFramework,Version%3Dv4.5.2"
		Debug.AspNetCompiler.VirtualPath = "/localhost_7398"
		Debug.AspNetCompiler.PhysicalPath = "WelcomeRESTJSONClient\"
		Debug.AspNetCompiler.TargetPath = "PrecompiledWeb\localhost_7398\"
		Debug.AspNetCompiler.Updateable = "true"
		Debug.AspNetCompiler.ForceOverwrite = "true"
		Debug.AspNetCompiler.FixedNames = "false"
		Debug.AspNetCompiler.Debug = "True"
		Release.AspNetCompiler.VirtualPath = "/localhost_7398"
		Release.AspNetCompiler.PhysicalPath = "WelcomeRESTJSONClient\"
		Release.AspNetCompiler.TargetPath = "PrecompiledWeb\localhost_7398\"
		Release.AspNetCompiler.Updateable = "true"
		Release.AspNetCompiler.ForceOverwrite = "true"
		Release.AspNetCompiler.FixedNames = "false"
		Release.AspNetCompiler.Debug = "False"
		VWDPort = "7398"
		SlnRelativePath = "WelcomeRESTJSONClient\"
		DefaultWebSiteLanguage = "Visual C#"
	EndProjectSection
EndProject
Global
	GlobalSection(SolutionConfigurationPlatforms) = preSolution
		Debug|Any CPU = Debug|Any CPU
	EndGlobalSection
	GlobalSection(ProjectConfigurationPlatforms) = postSolution
		{4FB0EBBA-A5A8-458B-9BEC-30BF33D73ACD}.Debug|Any CPU.ActiveCfg = Debug|Any CPU
		{4FB0EBBA-A5A8-458B-9BEC-30BF33D73ACD}.Debug|Any CPU.Build.0 = Debug|Any CPU
	EndGlobalSection
	GlobalSection(SolutionProperties) = preSolution
		HideSolutionNode = FALSE
	EndGlobalSection
EndGlobal
