
Microsoft Visual Studio Solution File, Format Version 12.00
# Visual Studio 14
VisualStudioVersion = 14.0.24720.0
MinimumVisualStudioVersion = 10.0.40219.1
Project("{E24C65DC-7377-472B-9ABA-BC803B73C61A}") = "WelcomeRESTXMLService", "WelcomeRESTXMLService\", "{4381CAAD-E268-49AE-BA8B-72ACED18EC05}"
	ProjectSection(WebsiteProperties) = preProject
		TargetFrameworkMoniker = ".NETFramework,Version%3Dv4.0"
		Debug.AspNetCompiler.VirtualPath = "/localhost_12774"
		Debug.AspNetCompiler.PhysicalPath = "WelcomeRESTXMLService\"
		Debug.AspNetCompiler.TargetPath = "PrecompiledWeb\localhost_12774\"
		Debug.AspNetCompiler.Updateable = "true"
		Debug.AspNetCompiler.ForceOverwrite = "true"
		Debug.AspNetCompiler.FixedNames = "false"
		Debug.AspNetCompiler.Debug = "True"
		Release.AspNetCompiler.VirtualPath = "/localhost_12774"
		Release.AspNetCompiler.PhysicalPath = "WelcomeRESTXMLService\"
		Release.AspNetCompiler.TargetPath = "PrecompiledWeb\localhost_12774\"
		Release.AspNetCompiler.Updateable = "true"
		Release.AspNetCompiler.ForceOverwrite = "true"
		Release.AspNetCompiler.FixedNames = "false"
		Release.AspNetCompiler.Debug = "False"
		VWDPort = "12774"
		SlnRelativePath = "WelcomeRESTXMLService\"
	EndProjectSection
EndProject
Global
	GlobalSection(SolutionConfigurationPlatforms) = preSolution
		Debug|Any CPU = Debug|Any CPU
	EndGlobalSection
	GlobalSection(ProjectConfigurationPlatforms) = postSolution
		{4381CAAD-E268-49AE-BA8B-72ACED18EC05}.Debug|Any CPU.ActiveCfg = Debug|Any CPU
		{4381CAAD-E268-49AE-BA8B-72ACED18EC05}.Debug|Any CPU.Build.0 = Debug|Any CPU
	EndGlobalSection
	GlobalSection(SolutionProperties) = preSolution
		HideSolutionNode = FALSE
	EndGlobalSection
EndGlobal
